
Microsoft Visual Studio Solution File, Format Version 12.00
Project("{F2A71F9B-5D33-465A-A702-920D77279786}") = "HW4_Task3", "HW4_Task3\HW4_Task3.fsproj", "{AEAA51CA-F05C-4817-83FA-089619314F66}"
EndProject
Global
	GlobalSection(SolutionConfigurationPlatforms) = preSolution
		Debug|Any CPU = Debug|Any CPU
		Release|Any CPU = Release|Any CPU
	EndGlobalSection
	GlobalSection(ProjectConfigurationPlatforms) = postSolution
		{AEAA51CA-F05C-4817-83FA-089619314F66}.Debug|Any CPU.ActiveCfg = Debug|Any CPU
		{AEAA51CA-F05C-4817-83FA-089619314F66}.Debug|Any CPU.Build.0 = Debug|Any CPU
		{AEAA51CA-F05C-4817-83FA-089619314F66}.Release|Any CPU.ActiveCfg = Release|Any CPU
		{AEAA51CA-F05C-4817-83FA-089619314F66}.Release|Any CPU.Build.0 = Release|Any CPU
	EndGlobalSection
EndGlobal
